// !$*UTF8*$!
{
	archiveVersion = 1;
	classes = {
	};
	objectVersion = 77;
	objects = {

/* Begin PBXBuildFile section */
		00622140764332F3DB853529 /* ArchivePackView.swift in Sources */ = {isa = PBXBuildFile; fileRef = D16EC2F735B7A1C053B1E4CC /* ArchivePackView.swift */; };
		009C65E0054C37CF0D55D7CE /* HumanCultureApp.swift in Sources */ = {isa = PBXBuildFile; fileRef = A60DBF659A663023C3678AEC /* HumanCultureApp.swift */; };
		036023880070553ABF7C3D39 /* ThisWeekView.swift in Sources */ = {isa = PBXBuildFile; fileRef = CD091B25F862C8ABB215765C /* ThisWeekView.swift */; };
		03821A2CBAABA2FBDC51B680 /* CultureAsyncImage.swift in Sources */ = {isa = PBXBuildFile; fileRef = 15E2D80C25A1D08805BB607D /* CultureAsyncImage.swift */; };
		03F89F2CE3E4FFCB52B1CC62 /* PackStateViews.swift in Sources */ = {isa = PBXBuildFile; fileRef = 098AA109411C0173871BFB9C /* PackStateViews.swift */; };
		094CABF729077A9AF41C3F72 /* FeaturedCultureCard.swift in Sources */ = {isa = PBXBuildFile; fileRef = 0DD779006B770BB69E8F0527 /* FeaturedCultureCard.swift */; };
		1732FACF70E300466D6ADA0F /* ArchiveViewModel.swift in Sources */ = {isa = PBXBuildFile; fileRef = 5D274CFD2E1AEA016E9AAB1E /* ArchiveViewModel.swift */; };
		18EAB730FA3C5E83B8C844EA /* CultureDetailViewModel.swift in Sources */ = {isa = PBXBuildFile; fileRef = 05DA8D4564A571BA17B827FF /* CultureDetailViewModel.swift */; };
		1FBE55150C3AA92A8EF95053 /* CultureFormatters.swift in Sources */ = {isa = PBXBuildFile; fileRef = 40E4976FD84046B07E575977 /* CultureFormatters.swift */; };
		250BFDE2E5EB24AD461BFFB6 /* RootView.swift in Sources */ = {isa = PBXBuildFile; fileRef = 146B23315315FCE2E000E590 /* RootView.swift */; };
		327341297438FFDE75FCF7A3 /* OnboardingView.swift in Sources */ = {isa = PBXBuildFile; fileRef = BD31BC7065B0D157ACF95E48 /* OnboardingView.swift */; };
		4CB654939F9D9CFA1B827BFB /* ThisWeekViewModel.swift in Sources */ = {isa = PBXBuildFile; fileRef = A74FB6E7D3DC5F2DD748D2BD /* ThisWeekViewModel.swift */; };
		6713C9B0E1CE5F1E3BD5A97A /* MockCultureRepository.swift in Sources */ = {isa = PBXBuildFile; fileRef = 40C166CA121FF413CFF57D6E /* MockCultureRepository.swift */; };
		67477B6B3C809799D5C91B22 /* LoadState.swift in Sources */ = {isa = PBXBuildFile; fileRef = 6A174573929D14FBDA829FA9 /* LoadState.swift */; };
		6815693B95DC686A1FD0AD84 /* SavedView.swift in Sources */ = {isa = PBXBuildFile; fileRef = E8B9CD525E2784C12C8B0133 /* SavedView.swift */; };
		6DD0A108FD76D2EC5A9BE333 /* CultureDetailView.swift in Sources */ = {isa = PBXBuildFile; fileRef = 4267A0E1FA30EE078B8717A4 /* CultureDetailView.swift */; };
		721FB97BF8CF8D9EA572DD1F /* CulturePack.swift in Sources */ = {isa = PBXBuildFile; fileRef = 1DF7E902CC2A9450FF219A4E /* CulturePack.swift */; };
		8AE03C6DD9A43AE28CD461B2 /* HCTheme.swift in Sources */ = {isa = PBXBuildFile; fileRef = 6BC7696880D1FCD75FB6F001 /* HCTheme.swift */; };
		91E48EFC97186A196C1F6FD8 /* CultureCategory.swift in Sources */ = {isa = PBXBuildFile; fileRef = 18B8D60393C904B4B80B3CE0 /* CultureCategory.swift */; };
		991563E722BDD5901F398215 /* SavedViewModel.swift in Sources */ = {isa = PBXBuildFile; fileRef = 468043E156AC313FCD3CD5EF /* SavedViewModel.swift */; };
		B0F2EF651A835BDD26E1BC97 /* CultureRepository.swift in Sources */ = {isa = PBXBuildFile; fileRef = 914CAD1390F40EF069A8084B /* CultureRepository.swift */; };
		B56826C8AC3AA007B90A172D /* SupabaseCultureRepository.swift in Sources */ = {isa = PBXBuildFile; fileRef = 19CEDBE09BD035483B2A1356 /* SupabaseCultureRepository.swift */; };
		C08FC6A995FE94A7205DC29B /* CategoryChip.swift in Sources */ = {isa = PBXBuildFile; fileRef = 53D4E382D57DF0EE1314A702 /* CategoryChip.swift */; };
		CC61183119886A16409B219D /* Date+CultureWeek.swift in Sources */ = {isa = PBXBuildFile; fileRef = F1A5831D5700E8EE0E9C91C0 /* Date+CultureWeek.swift */; };
		CC67920C2E2F9BCBFB146804 /* CultureCard.swift in Sources */ = {isa = PBXBuildFile; fileRef = 0807AAC56408A38814178418 /* CultureCard.swift */; };
		E5D4A3F97B1388BD772971CF /* CultureItem.swift in Sources */ = {isa = PBXBuildFile; fileRef = 79EAFF5C78D3029CB6A6CF97 /* CultureItem.swift */; };
		F4B3C71673FA3346A2D14F47 /* SavedStore.swift in Sources */ = {isa = PBXBuildFile; fileRef = F572F2471AAD913F8FF1D0A5 /* SavedStore.swift */; };
		FD654D311E9032284EFCB50C /* ArchiveView.swift in Sources */ = {isa = PBXBuildFile; fileRef = 37FA8F7DB9C5CBFDCE93989F /* ArchiveView.swift */; };
/* End PBXBuildFile section */

/* Begin PBXFileReference section */
		05DA8D4564A571BA17B827FF /* CultureDetailViewModel.swift */ = {isa = PBXFileReference; lastKnownFileType = sourcecode.swift; path = CultureDetailViewModel.swift; sourceTree = "<group>"; };
		076A55C34DC52312E6831C19 /* Debug.xcconfig */ = {isa = PBXFileReference; lastKnownFileType = text.xcconfig; path = Debug.xcconfig; sourceTree = "<group>"; };
		0807AAC56408A38814178418 /* CultureCard.swift */ = {isa = PBXFileReference; lastKnownFileType = sourcecode.swift; path = CultureCard.swift; sourceTree = "<group>"; };
		098AA109411C0173871BFB9C /* PackStateViews.swift */ = {isa = PBXFileReference; lastKnownFileType = sourcecode.swift; path = PackStateViews.swift; sourceTree = "<group>"; };
		0DD779006B770BB69E8F0527 /* FeaturedCultureCard.swift */ = {isa = PBXFileReference; lastKnownFileType = sourcecode.swift; path = FeaturedCultureCard.swift; sourceTree = "<group>"; };
		146B23315315FCE2E000E590 /* RootView.swift */ = {isa = PBXFileReference; lastKnownFileType = sourcecode.swift; path = RootView.swift; sourceTree = "<group>"; };
		15E2D80C25A1D08805BB607D /* CultureAsyncImage.swift */ = {isa = PBXFileReference; lastKnownFileType = sourcecode.swift; path = CultureAsyncImage.swift; sourceTree = "<group>"; };
		18B8D60393C904B4B80B3CE0 /* CultureCategory.swift */ = {isa = PBXFileReference; lastKnownFileType = sourcecode.swift; path = CultureCategory.swift; sourceTree = "<group>"; };
		19CEDBE09BD035483B2A1356 /* SupabaseCultureRepository.swift */ = {isa = PBXFileReference; lastKnownFileType = sourcecode.swift; path = SupabaseCultureRepository.swift; sourceTree = "<group>"; };
		1DF7E902CC2A9450FF219A4E /* CulturePack.swift */ = {isa = PBXFileReference; lastKnownFileType = sourcecode.swift; path = CulturePack.swift; sourceTree = "<group>"; };
		24E92AD36908C83BDB1E185D /* Human Culture.app */ = {isa = PBXFileReference; explicitFileType = wrapper.application; includeInIndex = 0; path = "Human Culture.app"; sourceTree = BUILT_PRODUCTS_DIR; };
		37FA8F7DB9C5CBFDCE93989F /* ArchiveView.swift */ = {isa = PBXFileReference; lastKnownFileType = sourcecode.swift; path = ArchiveView.swift; sourceTree = "<group>"; };
		40C166CA121FF413CFF57D6E /* MockCultureRepository.swift */ = {isa = PBXFileReference; lastKnownFileType = sourcecode.swift; path = MockCultureRepository.swift; sourceTree = "<group>"; };
		40E4976FD84046B07E575977 /* CultureFormatters.swift */ = {isa = PBXFileReference; lastKnownFileType = sourcecode.swift; path = CultureFormatters.swift; sourceTree = "<group>"; };
		4267A0E1FA30EE078B8717A4 /* CultureDetailView.swift */ = {isa = PBXFileReference; lastKnownFileType = sourcecode.swift; path = CultureDetailView.swift; sourceTree = "<group>"; };
		468043E156AC313FCD3CD5EF /* SavedViewModel.swift */ = {isa = PBXFileReference; lastKnownFileType = sourcecode.swift; path = SavedViewModel.swift; sourceTree = "<group>"; };
		53D4E382D57DF0EE1314A702 /* CategoryChip.swift */ = {isa = PBXFileReference; lastKnownFileType = sourcecode.swift; path = CategoryChip.swift; sourceTree = "<group>"; };
		5D274CFD2E1AEA016E9AAB1E /* ArchiveViewModel.swift */ = {isa = PBXFileReference; lastKnownFileType = sourcecode.swift; path = ArchiveViewModel.swift; sourceTree = "<group>"; };
		6A174573929D14FBDA829FA9 /* LoadState.swift */ = {isa = PBXFileReference; lastKnownFileType = sourcecode.swift; path = LoadState.swift; sourceTree = "<group>"; };
		6BC7696880D1FCD75FB6F001 /* HCTheme.swift */ = {isa = PBXFileReference; lastKnownFileType = sourcecode.swift; path = HCTheme.swift; sourceTree = "<group>"; };
		79EAFF5C78D3029CB6A6CF97 /* CultureItem.swift */ = {isa = PBXFileReference; lastKnownFileType = sourcecode.swift; path = CultureItem.swift; sourceTree = "<group>"; };
		914CAD1390F40EF069A8084B /* CultureRepository.swift */ = {isa = PBXFileReference; lastKnownFileType = sourcecode.swift; path = CultureRepository.swift; sourceTree = "<group>"; };
		A45A7AD6CB0E493158370B52 /* Release.xcconfig */ = {isa = PBXFileReference; lastKnownFileType = text.xcconfig; path = Release.xcconfig; sourceTree = "<group>"; };
		A60DBF659A663023C3678AEC /* HumanCultureApp.swift */ = {isa = PBXFileReference; lastKnownFileType = sourcecode.swift; path = HumanCultureApp.swift; sourceTree = "<group>"; };
		A74FB6E7D3DC5F2DD748D2BD /* ThisWeekViewModel.swift */ = {isa = PBXFileReference; lastKnownFileType = sourcecode.swift; path = ThisWeekViewModel.swift; sourceTree = "<group>"; };
		BD31BC7065B0D157ACF95E48 /* OnboardingView.swift */ = {isa = PBXFileReference; lastKnownFileType = sourcecode.swift; path = OnboardingView.swift; sourceTree = "<group>"; };
		CD091B25F862C8ABB215765C /* ThisWeekView.swift */ = {isa = PBXFileReference; lastKnownFileType = sourcecode.swift; path = ThisWeekView.swift; sourceTree = "<group>"; };
		D16EC2F735B7A1C053B1E4CC /* ArchivePackView.swift */ = {isa = PBXFileReference; lastKnownFileType = sourcecode.swift; path = ArchivePackView.swift; sourceTree = "<group>"; };
		E8B9CD525E2784C12C8B0133 /* SavedView.swift */ = {isa = PBXFileReference; lastKnownFileType = sourcecode.swift; path = SavedView.swift; sourceTree = "<group>"; };
		F1A5831D5700E8EE0E9C91C0 /* Date+CultureWeek.swift */ = {isa = PBXFileReference; lastKnownFileType = sourcecode.swift; path = "Date+CultureWeek.swift"; sourceTree = "<group>"; };
		F572F2471AAD913F8FF1D0A5 /* SavedStore.swift */ = {isa = PBXFileReference; lastKnownFileType = sourcecode.swift; path = SavedStore.swift; sourceTree = "<group>"; };
/* End PBXFileReference section */

/* Begin PBXGroup section */
		0018E1A8DF8F19130240934E /* Repositories */ = {
			isa = PBXGroup;
			children = (
				914CAD1390F40EF069A8084B /* CultureRepository.swift */,
				40C166CA121FF413CFF57D6E /* MockCultureRepository.swift */,
				19CEDBE09BD035483B2A1356 /* SupabaseCultureRepository.swift */,
			);
			path = Repositories;
			sourceTree = "<group>";
		};
		1843B39658AA59C5E5441B3B /* Saved */ = {
			isa = PBXGroup;
			children = (
				E8B9CD525E2784C12C8B0133 /* SavedView.swift */,
			);
			path = Saved;
			sourceTree = "<group>";
		};
		1DC2FE72AD584542FDA7268D /* Detail */ = {
			isa = PBXGroup;
			children = (
				4267A0E1FA30EE078B8717A4 /* CultureDetailView.swift */,
			);
			path = Detail;
			sourceTree = "<group>";
		};
		26DA56F98FA1CAF6836241C4 /* Views */ = {
			isa = PBXGroup;
			children = (
				3C9A808AC25E1817CD151B0C /* Archive */,
				1DC2FE72AD584542FDA7268D /* Detail */,
				B0650FD919CF2353ACFA59E0 /* Onboarding */,
				1843B39658AA59C5E5441B3B /* Saved */,
				672446CFB0573D8BDC0D09A6 /* ThisWeek */,
			);
			path = Views;
			sourceTree = "<group>";
		};
		3C9A808AC25E1817CD151B0C /* Archive */ = {
			isa = PBXGroup;
			children = (
				D16EC2F735B7A1C053B1E4CC /* ArchivePackView.swift */,
				37FA8F7DB9C5CBFDCE93989F /* ArchiveView.swift */,
			);
			path = Archive;
			sourceTree = "<group>";
		};
		421903951767FEFC155A947C /* Components */ = {
			isa = PBXGroup;
			children = (
				53D4E382D57DF0EE1314A702 /* CategoryChip.swift */,
				15E2D80C25A1D08805BB607D /* CultureAsyncImage.swift */,
				0807AAC56408A38814178418 /* CultureCard.swift */,
				0DD779006B770BB69E8F0527 /* FeaturedCultureCard.swift */,
				098AA109411C0173871BFB9C /* PackStateViews.swift */,
			);
			path = Components;
			sourceTree = "<group>";
		};
		48B2FD33DB006C9CB6C767AC /* Config */ = {
			isa = PBXGroup;
			children = (
				076A55C34DC52312E6831C19 /* Debug.xcconfig */,
				A45A7AD6CB0E493158370B52 /* Release.xcconfig */,
			);
			path = Config;
			sourceTree = "<group>";
		};
		4C98B56D75C141268611AF00 /* HumanCulture */ = {
			isa = PBXGroup;
			children = (
				99AD3F06299F033A0CE25727 /* App */,
				421903951767FEFC155A947C /* Components */,
				48B2FD33DB006C9CB6C767AC /* Config */,
				C96EAA6C73FD905D117892C6 /* Design */,
				EB5915B51D2CCF1639F0962B /* Models */,
				93A716EB3F25223D3C05F4C3 /* Persistence */,
				0018E1A8DF8F19130240934E /* Repositories */,
				B4846F858C03AF163A2F65D2 /* ViewModels */,
				26DA56F98FA1CAF6836241C4 /* Views */,
			);
			path = HumanCulture;
			sourceTree = "<group>";
		};
		672446CFB0573D8BDC0D09A6 /* ThisWeek */ = {
			isa = PBXGroup;
			children = (
				CD091B25F862C8ABB215765C /* ThisWeekView.swift */,
			);
			path = ThisWeek;
			sourceTree = "<group>";
		};
		93A716EB3F25223D3C05F4C3 /* Persistence */ = {
			isa = PBXGroup;
			children = (
				F572F2471AAD913F8FF1D0A5 /* SavedStore.swift */,
			);
			path = Persistence;
			sourceTree = "<group>";
		};
		99AD3F06299F033A0CE25727 /* App */ = {
			isa = PBXGroup;
			children = (
				A60DBF659A663023C3678AEC /* HumanCultureApp.swift */,
				146B23315315FCE2E000E590 /* RootView.swift */,
			);
			path = App;
			sourceTree = "<group>";
		};
		B0650FD919CF2353ACFA59E0 /* Onboarding */ = {
			isa = PBXGroup;
			children = (
				BD31BC7065B0D157ACF95E48 /* OnboardingView.swift */,
			);
			path = Onboarding;
			sourceTree = "<group>";
		};
		B4846F858C03AF163A2F65D2 /* ViewModels */ = {
			isa = PBXGroup;
			children = (
				5D274CFD2E1AEA016E9AAB1E /* ArchiveViewModel.swift */,
				05DA8D4564A571BA17B827FF /* CultureDetailViewModel.swift */,
				468043E156AC313FCD3CD5EF /* SavedViewModel.swift */,
				A74FB6E7D3DC5F2DD748D2BD /* ThisWeekViewModel.swift */,
			);
			path = ViewModels;
			sourceTree = "<group>";
		};
		B5C44801AB68C485D1FC2CBC = {
			isa = PBXGroup;
			children = (
				4C98B56D75C141268611AF00 /* HumanCulture */,
				C5DDCD3528DE1B9AC0C82046 /* Products */,
			);
			sourceTree = "<group>";
		};
		C5DDCD3528DE1B9AC0C82046 /* Products */ = {
			isa = PBXGroup;
			children = (
				24E92AD36908C83BDB1E185D /* Human Culture.app */,
			);
			name = Products;
			sourceTree = "<group>";
		};
		C96EAA6C73FD905D117892C6 /* Design */ = {
			isa = PBXGroup;
			children = (
				40E4976FD84046B07E575977 /* CultureFormatters.swift */,
				6BC7696880D1FCD75FB6F001 /* HCTheme.swift */,
			);
			path = Design;
			sourceTree = "<group>";
		};
		EB5915B51D2CCF1639F0962B /* Models */ = {
			isa = PBXGroup;
			children = (
				18B8D60393C904B4B80B3CE0 /* CultureCategory.swift */,
				79EAFF5C78D3029CB6A6CF97 /* CultureItem.swift */,
				1DF7E902CC2A9450FF219A4E /* CulturePack.swift */,
				F1A5831D5700E8EE0E9C91C0 /* Date+CultureWeek.swift */,
				6A174573929D14FBDA829FA9 /* LoadState.swift */,
			);
			path = Models;
			sourceTree = "<group>";
		};
/* End PBXGroup section */

/* Begin PBXNativeTarget section */
		755413656B65C6E86F6E3346 /* HumanCulture */ = {
			isa = PBXNativeTarget;
			buildConfigurationList = D08BBA9F4491D237FF317A7E /* Build configuration list for PBXNativeTarget "HumanCulture" */;
			buildPhases = (
				0C039BB92456BB8E736438EC /* Sources */,
			);
			buildRules = (
			);
			dependencies = (
			);
			name = HumanCulture;
			packageProductDependencies = (
			);
			productName = HumanCulture;
			productReference = 24E92AD36908C83BDB1E185D /* Human Culture.app */;
			productType = "com.apple.product-type.application";
		};
/* End PBXNativeTarget section */

/* Begin PBXProject section */
		82B2A8614D7F2853B7517BDC /* Project object */ = {
			isa = PBXProject;
			attributes = {
				BuildIndependentTargetsInParallel = YES;
				LastUpgradeCheck = 1430;
			};
			buildConfigurationList = D6C1D9D09BEF6B1945227C39 /* Build configuration list for PBXProject "HumanCulture" */;
			developmentRegion = en;
			hasScannedForEncodings = 0;
			knownRegions = (
				Base,
				en,
			);
			mainGroup = B5C44801AB68C485D1FC2CBC;
			minimizedProjectReferenceProxies = 1;
			preferredProjectObjectVersion = 77;
			productRefGroup = C5DDCD3528DE1B9AC0C82046 /* Products */;
			projectDirPath = "";
			projectRoot = "";
			targets = (
				755413656B65C6E86F6E3346 /* HumanCulture */,
			);
		};
/* End PBXProject section */

/* Begin PBXSourcesBuildPhase section */
		0C039BB92456BB8E736438EC /* Sources */ = {
			isa = PBXSourcesBuildPhase;
			buildActionMask = 2147483647;
			files = (
				00622140764332F3DB853529 /* ArchivePackView.swift in Sources */,
				FD654D311E9032284EFCB50C /* ArchiveView.swift in Sources */,
				1732FACF70E300466D6ADA0F /* ArchiveViewModel.swift in Sources */,
				C08FC6A995FE94A7205DC29B /* CategoryChip.swift in Sources */,
				03821A2CBAABA2FBDC51B680 /* CultureAsyncImage.swift in Sources */,
				CC67920C2E2F9BCBFB146804 /* CultureCard.swift in Sources */,
				91E48EFC97186A196C1F6FD8 /* CultureCategory.swift in Sources */,
				6DD0A108FD76D2EC5A9BE333 /* CultureDetailView.swift in Sources */,
				18EAB730FA3C5E83B8C844EA /* CultureDetailViewModel.swift in Sources */,
				1FBE55150C3AA92A8EF95053 /* CultureFormatters.swift in Sources */,
				E5D4A3F97B1388BD772971CF /* CultureItem.swift in Sources */,
				721FB97BF8CF8D9EA572DD1F /* CulturePack.swift in Sources */,
				B0F2EF651A835BDD26E1BC97 /* CultureRepository.swift in Sources */,
				CC61183119886A16409B219D /* Date+CultureWeek.swift in Sources */,
				094CABF729077A9AF41C3F72 /* FeaturedCultureCard.swift in Sources */,
				8AE03C6DD9A43AE28CD461B2 /* HCTheme.swift in Sources */,
				009C65E0054C37CF0D55D7CE /* HumanCultureApp.swift in Sources */,
				67477B6B3C809799D5C91B22 /* LoadState.swift in Sources */,
				6713C9B0E1CE5F1E3BD5A97A /* MockCultureRepository.swift in Sources */,
				327341297438FFDE75FCF7A3 /* OnboardingView.swift in Sources */,
				03F89F2CE3E4FFCB52B1CC62 /* PackStateViews.swift in Sources */,
				250BFDE2E5EB24AD461BFFB6 /* RootView.swift in Sources */,
				F4B3C71673FA3346A2D14F47 /* SavedStore.swift in Sources */,
				6815693B95DC686A1FD0AD84 /* SavedView.swift in Sources */,
				991563E722BDD5901F398215 /* SavedViewModel.swift in Sources */,
				B56826C8AC3AA007B90A172D /* SupabaseCultureRepository.swift in Sources */,
				036023880070553ABF7C3D39 /* ThisWeekView.swift in Sources */,
				4CB654939F9D9CFA1B827BFB /* ThisWeekViewModel.swift in Sources */,
			);
			runOnlyForDeploymentPostprocessing = 0;
		};
/* End PBXSourcesBuildPhase section */

/* Begin XCBuildConfiguration section */
		88B44C708B1106A15C108CE6 /* Debug */ = {
			isa = XCBuildConfiguration;
			baseConfigurationReference = 076A55C34DC52312E6831C19 /* Debug.xcconfig */;
			buildSettings = {
				ASSETCATALOG_COMPILER_APPICON_NAME = AppIcon;
				ASSETCATALOG_COMPILER_GLOBAL_ACCENT_COLOR_NAME = AccentColor;
				CODE_SIGN_IDENTITY = "iPhone Developer";
				DEVELOPMENT_TEAM = T4BMDGW7CH;
				ENABLE_PREVIEWS = YES;
				GENERATE_INFOPLIST_FILE = NO;
				INFOPLIST_FILE = HumanCulture/Resources/Info.plist;
				LD_RUNPATH_SEARCH_PATHS = (
					"$(inherited)",
					"@executable_path/Frameworks",
				);
				PRODUCT_BUNDLE_IDENTIFIER = com.sam.HumanCulture;
				PRODUCT_NAME = "Human Culture";
				SDKROOT = iphoneos;
				TARGETED_DEVICE_FAMILY = "1,2";
			};
			name = Debug;
		};
		9FC3F4FFF29F9D1C3E74A1A9 /* Release */ = {
			isa = XCBuildConfiguration;
			baseConfigurationReference = A45A7AD6CB0E493158370B52 /* Release.xcconfig */;
			buildSettings = {
				ASSETCATALOG_COMPILER_APPICON_NAME = AppIcon;
				ASSETCATALOG_COMPILER_GLOBAL_ACCENT_COLOR_NAME = AccentColor;
				CODE_SIGN_IDENTITY = "iPhone Developer";
				DEVELOPMENT_TEAM = T4BMDGW7CH;
				ENABLE_PREVIEWS = YES;
				GENERATE_INFOPLIST_FILE = NO;
				INFOPLIST_FILE = HumanCulture/Resources/Info.plist;
				LD_RUNPATH_SEARCH_PATHS = (
					"$(inherited)",
					"@executable_path/Frameworks",
				);
				PRODUCT_BUNDLE_IDENTIFIER = com.sam.HumanCulture;
				PRODUCT_NAME = "Human Culture";
				SDKROOT = iphoneos;
				TARGETED_DEVICE_FAMILY = "1,2";
			};
			name = Release;
		};
		AE23C9EC78D586C2C626AE84 /* Debug */ = {
			isa = XCBuildConfiguration;
			buildSettings = {
				ALWAYS_SEARCH_USER_PATHS = NO;
				CLANG_ANALYZER_NONNULL = YES;
				CLANG_ANALYZER_NUMBER_OBJECT_CONVERSION = YES_AGGRESSIVE;
				CLANG_CXX_LANGUAGE_STANDARD = "gnu++14";
				CLANG_CXX_LIBRARY = "libc++";
				CLANG_ENABLE_MODULES = YES;
				CLANG_ENABLE_OBJC_ARC = YES;
				CLANG_ENABLE_OBJC_WEAK = YES;
				CLANG_WARN_BLOCK_CAPTURE_AUTORELEASING = YES;
				CLANG_WARN_BOOL_CONVERSION = YES;
				CLANG_WARN_COMMA = YES;
				CLANG_WARN_CONSTANT_CONVERSION = YES;
				CLANG_WARN_DEPRECATED_OBJC_IMPLEMENTATIONS = YES;
				CLANG_WARN_DIRECT_OBJC_ISA_USAGE = YES_ERROR;
				CLANG_WARN_DOCUMENTATION_COMMENTS = YES;
				CLANG_WARN_EMPTY_BODY = YES;
				CLANG_WARN_ENUM_CONVERSION = YES;
				CLANG_WARN_INFINITE_RECURSION = YES;
				CLANG_WARN_INT_CONVERSION = YES;
				CLANG_WARN_NON_LITERAL_NULL_CONVERSION = YES;
				CLANG_WARN_OBJC_IMPLICIT_RETAIN_SELF = YES;
				CLANG_WARN_OBJC_LITERAL_CONVERSION = YES;
				CLANG_WARN_OBJC_ROOT_CLASS = YES_ERROR;
				CLANG_WARN_QUOTED_INCLUDE_IN_FRAMEWORK_HEADER = YES;
				CLANG_WARN_RANGE_LOOP_ANALYSIS = YES;
				CLANG_WARN_STRICT_PROTOTYPES = YES;
				CLANG_WARN_SUSPICIOUS_MOVE = YES;
				CLANG_WARN_UNGUARDED_AVAILABILITY = YES_AGGRESSIVE;
				CLANG_WARN_UNREACHABLE_CODE = YES;
				CLANG_WARN__DUPLICATE_METHOD_MATCH = YES;
				COPY_PHASE_STRIP = NO;
				CURRENT_PROJECT_VERSION = 1;
				DEBUG_INFORMATION_FORMAT = dwarf;
				ENABLE_STRICT_OBJC_MSGSEND = YES;
				ENABLE_TESTABILITY = YES;
				GCC_C_LANGUAGE_STANDARD = gnu11;
				GCC_DYNAMIC_NO_PIC = NO;
				GCC_NO_COMMON_BLOCKS = YES;
				GCC_OPTIMIZATION_LEVEL = 0;
				GCC_PREPROCESSOR_DEFINITIONS = (
					"$(inherited)",
					"DEBUG=1",
				);
				GCC_WARN_64_TO_32_BIT_CONVERSION = YES;
				GCC_WARN_ABOUT_RETURN_TYPE = YES_ERROR;
				GCC_WARN_UNDECLARED_SELECTOR = YES;
				GCC_WARN_UNINITIALIZED_AUTOS = YES_AGGRESSIVE;
				GCC_WARN_UNUSED_FUNCTION = YES;
				GCC_WARN_UNUSED_VARIABLE = YES;
				IPHONEOS_DEPLOYMENT_TARGET = 17.0;
				MARKETING_VERSION = 1.0;
				MTL_ENABLE_DEBUG_INFO = INCLUDE_SOURCE;
				MTL_FAST_MATH = YES;
				ONLY_ACTIVE_ARCH = YES;
				PRODUCT_NAME = "$(TARGET_NAME)";
				SDKROOT = iphoneos;
				SWIFT_ACTIVE_COMPILATION_CONDITIONS = DEBUG;
				SWIFT_OPTIMIZATION_LEVEL = "-Onone";
				SWIFT_VERSION = 5.0;
			};
			name = Debug;
		};
		F320E9D6D0BB5FFDFED76FB5 /* Release */ = {
			isa = XCBuildConfiguration;
			buildSettings = {
				ALWAYS_SEARCH_USER_PATHS = NO;
				CLANG_ANALYZER_NONNULL = YES;
				CLANG_ANALYZER_NUMBER_OBJECT_CONVERSION = YES_AGGRESSIVE;
				CLANG_CXX_LANGUAGE_STANDARD = "gnu++14";
				CLANG_CXX_LIBRARY = "libc++";
				CLANG_ENABLE_MODULES = YES;
				CLANG_ENABLE_OBJC_ARC = YES;
				CLANG_ENABLE_OBJC_WEAK = YES;
				CLANG_WARN_BLOCK_CAPTURE_AUTORELEASING = YES;
				CLANG_WARN_BOOL_CONVERSION = YES;
				CLANG_WARN_COMMA = YES;
				CLANG_WARN_CONSTANT_CONVERSION = YES;
				CLANG_WARN_DEPRECATED_OBJC_IMPLEMENTATIONS = YES;
				CLANG_WARN_DIRECT_OBJC_ISA_USAGE = YES_ERROR;
				CLANG_WARN_DOCUMENTATION_COMMENTS = YES;
				CLANG_WARN_EMPTY_BODY = YES;
				CLANG_WARN_ENUM_CONVERSION = YES;
				CLANG_WARN_INFINITE_RECURSION = YES;
				CLANG_WARN_INT_CONVERSION = YES;
				CLANG_WARN_NON_LITERAL_NULL_CONVERSION = YES;
				CLANG_WARN_OBJC_IMPLICIT_RETAIN_SELF = YES;
				CLANG_WARN_OBJC_LITERAL_CONVERSION = YES;
				CLANG_WARN_OBJC_ROOT_CLASS = YES_ERROR;
				CLANG_WARN_QUOTED_INCLUDE_IN_FRAMEWORK_HEADER = YES;
				CLANG_WARN_RANGE_LOOP_ANALYSIS = YES;
				CLANG_WARN_STRICT_PROTOTYPES = YES;
				CLANG_WARN_SUSPICIOUS_MOVE = YES;
				CLANG_WARN_UNGUARDED_AVAILABILITY = YES_AGGRESSIVE;
				CLANG_WARN_UNREACHABLE_CODE = YES;
				CLANG_WARN__DUPLICATE_METHOD_MATCH = YES;
				COPY_PHASE_STRIP = NO;
				CURRENT_PROJECT_VERSION = 1;
				DEBUG_INFORMATION_FORMAT = "dwarf-with-dsym";
				ENABLE_NS_ASSERTIONS = NO;
				ENABLE_STRICT_OBJC_MSGSEND = YES;
				GCC_C_LANGUAGE_STANDARD = gnu11;
				GCC_NO_COMMON_BLOCKS = YES;
				GCC_WARN_64_TO_32_BIT_CONVERSION = YES;
				GCC_WARN_ABOUT_RETURN_TYPE = YES_ERROR;
				GCC_WARN_UNDECLARED_SELECTOR = YES;
				GCC_WARN_UNINITIALIZED_AUTOS = YES_AGGRESSIVE;
				GCC_WARN_UNUSED_FUNCTION = YES;
				GCC_WARN_UNUSED_VARIABLE = YES;
				IPHONEOS_DEPLOYMENT_TARGET = 17.0;
				MARKETING_VERSION = 1.0;
				MTL_ENABLE_DEBUG_INFO = NO;
				MTL_FAST_MATH = YES;
				PRODUCT_NAME = "$(TARGET_NAME)";
				SDKROOT = iphoneos;
				SWIFT_COMPILATION_MODE = wholemodule;
				SWIFT_OPTIMIZATION_LEVEL = "-O";
				SWIFT_VERSION = 5.0;
			};
			name = Release;
		};
/* End XCBuildConfiguration section */

/* Begin XCConfigurationList section */
		D08BBA9F4491D237FF317A7E /* Build configuration list for PBXNativeTarget "HumanCulture" */ = {
			isa = XCConfigurationList;
			buildConfigurations = (
				88B44C708B1106A15C108CE6 /* Debug */,
				9FC3F4FFF29F9D1C3E74A1A9 /* Release */,
			);
			defaultConfigurationIsVisible = 0;
			defaultConfigurationName = Debug;
		};
		D6C1D9D09BEF6B1945227C39 /* Build configuration list for PBXProject "HumanCulture" */ = {
			isa = XCConfigurationList;
			buildConfigurations = (
				AE23C9EC78D586C2C626AE84 /* Debug */,
				F320E9D6D0BB5FFDFED76FB5 /* Release */,
			);
			defaultConfigurationIsVisible = 0;
			defaultConfigurationName = Debug;
		};
/* End XCConfigurationList section */
	};
	rootObject = 82B2A8614D7F2853B7517BDC /* Project object */;
}
